
Microsoft Visual Studio Solution File, Format Version 12.00
# Visual Studio Version 16
VisualStudioVersion = 16.0.30503.244
MinimumVisualStudioVersion = 10.0.40219.1
Project("{FAE04EC0-301F-11D3-BF4B-00C04F79EFBC}") = "Largest number", "Largest number\Largest number.csproj", "{5865697A-0499-4B64-AA87-FE9FBCD87C37}"
EndProject
Global
	GlobalSection(SolutionConfigurationPlatforms) = preSolution
		Debug|Any CPU = Debug|Any CPU
		Release|Any CPU = Release|Any CPU
	EndGlobalSection
	GlobalSection(ProjectConfigurationPlatforms) = postSolution
		{5865697A-0499-4B64-AA87-FE9FBCD87C37}.Debug|Any CPU.ActiveCfg = Debug|Any CPU
		{5865697A-0499-4B64-AA87-FE9FBCD87C37}.Debug|Any CPU.Build.0 = Debug|Any CPU
		{5865697A-0499-4B64-AA87-FE9FBCD87C37}.Release|Any CPU.ActiveCfg = Release|Any CPU
		{5865697A-0499-4B64-AA87-FE9FBCD87C37}.Release|Any CPU.Build.0 = Release|Any CPU
	EndGlobalSection
	GlobalSection(SolutionProperties) = preSolution
		HideSolutionNode = FALSE
	EndGlobalSection
	GlobalSection(ExtensibilityGlobals) = postSolution
		SolutionGuid = {BC3E4884-DA7D-4D7D-83A9-B69478347056}
	EndGlobalSection
EndGlobal
