
Microsoft Visual Studio Solution File, Format Version 12.00
# Visual Studio Version 17
VisualStudioVersion = 17.2.32630.192
MinimumVisualStudioVersion = 10.0.40219.1
Project("{FAE04EC0-301F-11D3-BF4B-00C04F79EFBC}") = "Code Blocks", "Code Blocks\Code Blocks.csproj", "{FDC78735-D28F-445C-B4BB-ADF84FDB73D7}"
EndProject
Global
	GlobalSection(SolutionConfigurationPlatforms) = preSolution
		Debug|Any CPU = Debug|Any CPU
		Release|Any CPU = Release|Any CPU
	EndGlobalSection
	GlobalSection(ProjectConfigurationPlatforms) = postSolution
		{FDC78735-D28F-445C-B4BB-ADF84FDB73D7}.Debug|Any CPU.ActiveCfg = Debug|Any CPU
		{FDC78735-D28F-445C-B4BB-ADF84FDB73D7}.Debug|Any CPU.Build.0 = Debug|Any CPU
		{FDC78735-D28F-445C-B4BB-ADF84FDB73D7}.Release|Any CPU.ActiveCfg = Release|Any CPU
		{FDC78735-D28F-445C-B4BB-ADF84FDB73D7}.Release|Any CPU.Build.0 = Release|Any CPU
	EndGlobalSection
	GlobalSection(SolutionProperties) = preSolution
		HideSolutionNode = FALSE
	EndGlobalSection
	GlobalSection(ExtensibilityGlobals) = postSolution
		SolutionGuid = {40ECBBC1-A4C8-41C0-9F8E-01AA636F1AF5}
	EndGlobalSection
EndGlobal
