
Microsoft Visual Studio Solution File, Format Version 12.00
# Visual Studio Version 17
VisualStudioVersion = 17.2.32630.192
MinimumVisualStudioVersion = 10.0.40219.1
Project("{FAE04EC0-301F-11D3-BF4B-00C04F79EFBC}") = "Switch2", "Switch2\Switch2.csproj", "{2E4A47CD-6727-4133-88E7-A47C25569423}"
EndProject
Global
	GlobalSection(SolutionConfigurationPlatforms) = preSolution
		Debug|Any CPU = Debug|Any CPU
		Release|Any CPU = Release|Any CPU
	EndGlobalSection
	GlobalSection(ProjectConfigurationPlatforms) = postSolution
		{2E4A47CD-6727-4133-88E7-A47C25569423}.Debug|Any CPU.ActiveCfg = Debug|Any CPU
		{2E4A47CD-6727-4133-88E7-A47C25569423}.Debug|Any CPU.Build.0 = Debug|Any CPU
		{2E4A47CD-6727-4133-88E7-A47C25569423}.Release|Any CPU.ActiveCfg = Release|Any CPU
		{2E4A47CD-6727-4133-88E7-A47C25569423}.Release|Any CPU.Build.0 = Release|Any CPU
	EndGlobalSection
	GlobalSection(SolutionProperties) = preSolution
		HideSolutionNode = FALSE
	EndGlobalSection
	GlobalSection(ExtensibilityGlobals) = postSolution
		SolutionGuid = {45A38FE6-84D3-4EDD-B578-66179D74755B}
	EndGlobalSection
EndGlobal
